{
  "version": 4,
  "terraform_version": "1.10.5",
  "serial": 186,
  "lineage": "b65022ce-e384-ba7c-bb55-2721e2d4d04b",
  "outputs": {},
  "resources": [
    {
      "mode": "managed",
      "type": "helm_release",
      "name": "kafka",
      "provider": "provider[\"registry.terraform.io/hashicorp/helm\"]",
      "instances": [
        {
          "schema_version": 1,
          "attributes": {
            "atomic": false,
            "chart": "kafka",
            "cleanup_on_fail": false,
            "create_namespace": false,
            "dependency_update": false,
            "description": null,
            "devel": null,
            "disable_crd_hooks": false,
            "disable_openapi_validation": false,
            "disable_webhooks": false,
            "force_update": false,
            "id": "kafka",
            "keyring": null,
            "lint": false,
            "manifest": null,
            "max_history": 0,
            "metadata": [
              {
                "app_version": "3.9.0",
                "chart": "kafka",
                "first_deployed": 1741486534,
                "last_deployed": 1741486534,
                "name": "kafka",
                "namespace": "streaming-pipeline",
                "notes": "CHART NAME: kafka\nCHART VERSION: 31.3.1\nAPP VERSION: 3.9.0\n\nDid you know there are enterprise versions of the Bitnami catalog? For enhanced secure software supply chain features, unlimited pulls from Docker, LTS support, or application customization, see Bitnami Premium or Tanzu Application Catalog. See https://www.arrow.com/globalecs/na/vendors/bitnami for more information.\n---------------------------------------------------------------------------------------------\n WARNING\n\n    By specifying \"serviceType=LoadBalancer\" and not configuring the authentication\n    you have most likely exposed the Kafka service externally without any\n    authentication mechanism.\n\n    For security reasons, we strongly suggest that you switch to \"ClusterIP\" or\n    \"NodePort\". As alternative, you can also configure the Kafka authentication.\n\n---------------------------------------------------------------------------------------------\n\n** Please be patient while the chart is being deployed **\n\nKafka can be accessed by consumers via port 9092 on the following DNS name from within your cluster:\n\n    kafka.streaming-pipeline.svc.cluster.local\n\nEach Kafka broker can be accessed by producers via port 9092 on the following DNS name(s) from within your cluster:\n\n    kafka-controller-0.kafka-controller-headless.streaming-pipeline.svc.cluster.local:9092\n    kafka-broker-0.kafka-broker-headless.streaming-pipeline.svc.cluster.local:9092\n\nTo create a pod that you can use as a Kafka client run the following commands:\n\n    kubectl run kafka-client --restart='Never' --image docker.io/bitnami/kafka:3.9.0-debian-12-r6 --namespace streaming-pipeline --command -- sleep infinity\n    kubectl exec --tty -i kafka-client --namespace streaming-pipeline -- bash\n\n    PRODUCER:\n        kafka-console-producer.sh \\\n            --bootstrap-server kafka.streaming-pipeline.svc.cluster.local:9092 \\\n            --topic test\n\n    CONSUMER:\n        kafka-console-consumer.sh \\\n            --bootstrap-server kafka.streaming-pipeline.svc.cluster.local:9092 \\\n            --topic test \\\n            --from-beginning\nTo connect to your Kafka controller+broker nodes from outside the cluster, follow these instructions:\n    Kafka brokers domain: You can get the external node IP from the Kafka configuration file with the following commands (Check the EXTERNAL listener)\n\n        1. Obtain the pod name:\n\n        kubectl get pods --namespace streaming-pipeline -l \"app.kubernetes.io/name=kafka,app.kubernetes.io/instance=kafka,app.kubernetes.io/component=kafka\"\n\n        2. Obtain pod configuration:\n\n        kubectl exec -it KAFKA_POD -- cat /opt/bitnami/kafka/config/server.properties | grep advertised.listeners\n    Kafka brokers port: You will have a different node port for each Kafka broker. You can get the list of configured node ports using the command below:\n\n        echo \"$(kubectl get svc --namespace streaming-pipeline -l \"app.kubernetes.io/name=kafka,app.kubernetes.io/instance=kafka,app.kubernetes.io/component=kafka,pod\" -o jsonpath='{.items[*].spec.ports[0].nodePort}' | tr ' ' '\\n')\"\nTo connect to your Kafka broker nodes from outside the cluster, follow these instructions:\n    Kafka brokers domain: You can get the external node IP from the Kafka configuration file with the following commands (Check the EXTERNAL listener)\n\n        1. Obtain the pod name:\n\n        kubectl get pods --namespace streaming-pipeline -l \"app.kubernetes.io/name=kafka,app.kubernetes.io/instance=kafka,app.kubernetes.io/component=kafka\"\n\n        2. Obtain pod configuration:\n\n        kubectl exec -it KAFKA_POD -- cat /opt/bitnami/kafka/config/server.properties | grep advertised.listeners\n    Kafka brokers port: You will have a different node port for each Kafka broker. You can get the list of configured node ports using the command below:\n\n        echo \"$(kubectl get svc --namespace streaming-pipeline -l \"app.kubernetes.io/name=kafka,app.kubernetes.io/instance=kafka,app.kubernetes.io/component=kafka,pod\" -o jsonpath='{.items[*].spec.ports[0].nodePort}' | tr ' ' '\\n')\"\n\nWARNING: There are \"resources\" sections in the chart not set. Using \"resourcesPreset\" is not recommended for production. For production installations, please set the following values according to your workload needs:\n  - broker.resources\n  - controller.resources\n+info https://kubernetes.io/docs/concepts/configuration/manage-resources-containers/\n",
                "revision": 1,
                "values": "{\"broker\":{\"automountServiceAccountToken\":true,\"replicaCount\":1},\"controller\":{\"automountServiceAccountToken\":true,\"replicaCount\":1},\"externalAccess\":{\"broker\":{\"service\":{\"externalIPs\":[\"192.168.49.2\"],\"nodePorts\":[\"31004\"],\"type\":\"NodePort\"}},\"controller\":{\"service\":{\"externalIPs\":[\"192.168.49.2\"],\"nodePorts\":[\"31001\"],\"type\":\"NodePort\"}},\"enabled\":true},\"listeners\":{\"advertisedListener\":\"EXTERNAL://192.168.49.2:31004\",\"client\":{\"protocol\":\"PLAINTEXT\"},\"controller\":{\"protocol\":\"PLAINTEXT\"},\"external\":{\"protocol\":\"PLAINTEXT\"}},\"rbac\":{\"create\":true},\"serviceAccount\":{\"create\":true},\"topic\":{\"autoCreate\":true}}",
                "version": "31.3.1"
              }
            ],
            "name": "kafka",
            "namespace": "streaming-pipeline",
            "pass_credentials": false,
            "postrender": [],
            "recreate_pods": false,
            "render_subchart_notes": true,
            "replace": false,
            "repository": "oci://registry-1.docker.io/bitnamicharts",
            "repository_ca_file": null,
            "repository_cert_file": null,
            "repository_key_file": null,
            "repository_password": null,
            "repository_username": null,
            "reset_values": false,
            "reuse_values": false,
            "set": [],
            "set_list": [],
            "set_sensitive": [],
            "skip_crds": false,
            "status": "deployed",
            "timeout": 300,
            "upgrade_install": null,
            "values": [
              "controller:\r\n    replicaCount: 1\r\n    automountServiceAccountToken: true\r\n\r\nexternalAccess:\r\n    enabled: true\r\n    controller:\r\n        service:\r\n            type: NodePort\r\n            externalIPs:\r\n                - \"192.168.49.2\"\r\n            nodePorts:\r\n                - \"31001\"\r\n    broker:\r\n        service:\r\n            type: NodePort\r\n            externalIPs:\r\n                - \"192.168.49.2\"\r\n            nodePorts:\r\n                - \"31004\"\r\n\r\n\r\n\r\nserviceAccount:\r\n    create: true\r\n\r\nrbac:\r\n    create: true\r\n\r\nlisteners:\r\n    client:\r\n        protocol: PLAINTEXT\r\n    controller:\r\n        protocol: PLAINTEXT\r\n    external:\r\n        protocol: PLAINTEXT\r\n    advertisedListener:  \"EXTERNAL://192.168.49.2:31004\"\r\n\r\nbroker:\r\n    replicaCount: 1\r\n    automountServiceAccountToken: true\r\n\r\ntopic:\r\n    autoCreate: true\r\n"
            ],
            "verify": false,
            "version": "31.3.1",
            "wait": true,
            "wait_for_jobs": false
          },
          "sensitive_attributes": [
            [
              {
                "type": "get_attr",
                "value": "repository_password"
              }
            ]
          ],
          "private": "eyJzY2hlbWFfdmVyc2lvbiI6IjEifQ==",
          "dependencies": [
            "kubernetes_namespace.pipeline_namespace"
          ]
        }
      ]
    },
    {
      "mode": "managed",
      "type": "kubernetes_job",
      "name": "create_kafka_topic",
      "provider": "provider[\"registry.terraform.io/hashicorp/kubernetes\"]",
      "instances": [
        {
          "schema_version": 1,
          "attributes": {
            "id": "default/create-kafka-topic-job",
            "metadata": [
              {
                "annotations": null,
                "generate_name": "",
                "generation": 0,
                "labels": {},
                "name": "create-kafka-topic-job",
                "namespace": "default",
                "resource_version": "",
                "uid": ""
              }
            ],
            "spec": [
              {
                "active_deadline_seconds": 0,
                "backoff_limit": 2,
                "backoff_limit_per_index": 0,
                "completion_mode": "",
                "completions": 1,
                "manual_selector": false,
                "max_failed_indexes": 0,
                "parallelism": 1,
                "pod_failure_policy": [],
                "selector": [],
                "template": [
                  {
                    "metadata": [
                      {
                        "annotations": null,
                        "generate_name": "",
                        "generation": 0,
                        "labels": {
                          "app": "kafka-topic-creator"
                        },
                        "name": "",
                        "resource_version": "",
                        "uid": ""
                      }
                    ],
                    "spec": [
                      {
                        "active_deadline_seconds": 0,
                        "affinity": [],
                        "automount_service_account_token": true,
                        "container": [
                          {
                            "args": null,
                            "command": [
                              "/bin/sh",
                              "-c",
                              "kafka-topics.sh --create --topic my-topic --bootstrap-server 192.168.49.2:31004 --partitions 3 --replication-factor 1"
                            ],
                            "env": [],
                            "env_from": [],
                            "image": "bitnami/kafka:latest",
                            "image_pull_policy": "",
                            "lifecycle": [],
                            "liveness_probe": [],
                            "name": "kafka-client",
                            "port": [],
                            "readiness_probe": [],
                            "resources": [],
                            "security_context": [],
                            "startup_probe": [],
                            "stdin": false,
                            "stdin_once": false,
                            "termination_message_path": "/dev/termination-log",
                            "termination_message_policy": "",
                            "tty": false,
                            "volume_device": [],
                            "volume_mount": [],
                            "working_dir": ""
                          }
                        ],
                        "dns_config": [],
                        "dns_policy": "ClusterFirst",
                        "enable_service_links": true,
                        "host_aliases": [],
                        "host_ipc": false,
                        "host_network": false,
                        "host_pid": false,
                        "hostname": "",
                        "image_pull_secrets": [],
                        "init_container": [],
                        "node_name": "",
                        "node_selector": null,
                        "os": [],
                        "priority_class_name": "",
                        "readiness_gate": [],
                        "restart_policy": "Never",
                        "runtime_class_name": "",
                        "scheduler_name": "",
                        "security_context": [],
                        "service_account_name": "",
                        "share_process_namespace": false,
                        "subdomain": "",
                        "termination_grace_period_seconds": 30,
                        "toleration": [],
                        "topology_spread_constraint": [],
                        "volume": []
                      }
                    ]
                  }
                ],
                "ttl_seconds_after_finished": ""
              }
            ],
            "timeouts": null,
            "wait_for_completion": true
          },
          "sensitive_attributes": [],
          "private": "eyJlMmJmYjczMC1lY2FhLTExZTYtOGY4OC0zNDM2M2JjN2M0YzAiOnsiY3JlYXRlIjo2MDAwMDAwMDAwMCwiZGVsZXRlIjo2MDAwMDAwMDAwMCwidXBkYXRlIjo2MDAwMDAwMDAwMH0sInNjaGVtYV92ZXJzaW9uIjoiMSJ9",
          "dependencies": [
            "helm_release.kafka",
            "kubernetes_namespace.pipeline_namespace"
          ]
        }
      ]
    },
    {
      "mode": "managed",
      "type": "kubernetes_namespace",
      "name": "pipeline_namespace",
      "provider": "provider[\"registry.terraform.io/hashicorp/kubernetes\"]",
      "instances": [
        {
          "schema_version": 0,
          "attributes": {
            "id": "streaming-pipeline",
            "metadata": [
              {
                "annotations": null,
                "generate_name": "",
                "generation": 0,
                "labels": null,
                "name": "streaming-pipeline",
                "resource_version": "377233",
                "uid": "b0953202-e09a-40af-853e-00bd1b617f7e"
              }
            ],
            "timeouts": null,
            "wait_for_default_service_account": false
          },
          "sensitive_attributes": [],
          "private": "eyJlMmJmYjczMC1lY2FhLTExZTYtOGY4OC0zNDM2M2JjN2M0YzAiOnsiZGVsZXRlIjozMDAwMDAwMDAwMDB9fQ=="
        }
      ]
    },
    {
      "mode": "managed",
      "type": "kubernetes_namespace",
      "name": "spark_namespace",
      "provider": "provider[\"registry.terraform.io/hashicorp/kubernetes\"]",
      "instances": [
        {
          "schema_version": 0,
          "attributes": {
            "id": "spark-operator",
            "metadata": [
              {
                "annotations": null,
                "generate_name": "",
                "generation": 0,
                "labels": null,
                "name": "spark-operator",
                "resource_version": "377234",
                "uid": "2046342f-62f3-471e-b291-9d8e8778f256"
              }
            ],
            "timeouts": null,
            "wait_for_default_service_account": false
          },
          "sensitive_attributes": [],
          "private": "eyJlMmJmYjczMC1lY2FhLTExZTYtOGY4OC0zNDM2M2JjN2M0YzAiOnsiZGVsZXRlIjozMDAwMDAwMDAwMDB9fQ=="
        }
      ]
    },
    {
      "mode": "managed",
      "type": "kubernetes_network_policy",
      "name": "pipeline_network",
      "provider": "provider[\"registry.terraform.io/hashicorp/kubernetes\"]",
      "instances": [
        {
          "schema_version": 0,
          "attributes": {
            "id": "streaming-pipeline/pipeline-network",
            "metadata": [
              {
                "annotations": null,
                "generate_name": "",
                "generation": 1,
                "labels": null,
                "name": "pipeline-network",
                "namespace": "streaming-pipeline",
                "resource_version": "377239",
                "uid": "6374a18e-e1a8-4465-b455-44e6daf762ae"
              }
            ],
            "spec": [
              {
                "egress": [],
                "ingress": [
                  {
                    "from": [
                      {
                        "ip_block": [],
                        "namespace_selector": [],
                        "pod_selector": [
                          {
                            "match_expressions": [],
                            "match_labels": {
                              "k8s.network/pipeline-network": "true"
                            }
                          }
                        ]
                      }
                    ],
                    "ports": []
                  }
                ],
                "pod_selector": [
                  {
                    "match_expressions": [],
                    "match_labels": {
                      "k8s.network/pipeline-network": "true"
                    }
                  }
                ],
                "policy_types": [
                  "Ingress"
                ]
              }
            ]
          },
          "sensitive_attributes": [],
          "private": "bnVsbA==",
          "dependencies": [
            "kubernetes_namespace.pipeline_namespace"
          ]
        }
      ]
    }
  ],
  "check_results": null
}
